// !$*UTF8*$!
{
	archiveVersion = 1;
	classes = {
	};
	objectVersion = 50;
	objects = {

/* Begin PBXBuildFile section */
		665FB2CF22B039270005ECD2 /* AppDelegate.swift in Sources */ = {isa = PBXBuildFile; fileRef = 665FB2CE22B039270005ECD2 /* AppDelegate.swift */; };
		665FB2D122B039270005ECD2 /* ViewController.swift in Sources */ = {isa = PBXBuildFile; fileRef = 665FB2D022B039270005ECD2 /* ViewController.swift */; };
		665FB2D422B039270005ECD2 /* Main.storyboard in Resources */ = {isa = PBXBuildFile; fileRef = 665FB2D222B039270005ECD2 /* Main.storyboard */; };
		665FB2D622B0392A0005ECD2 /* Assets.xcassets in Resources */ = {isa = PBXBuildFile; fileRef = 665FB2D522B0392A0005ECD2 /* Assets.xcassets */; };
		665FB2D922B0392A0005ECD2 /* LaunchScreen.storyboard in Resources */ = {isa = PBXBuildFile; fileRef = 665FB2D722B0392A0005ECD2 /* LaunchScreen.storyboard */; };
		665FB2E422B0392A0005ECD2 /* To_Do_ListTests.swift in Sources */ = {isa = PBXBuildFile; fileRef = 665FB2E322B0392A0005ECD2 /* To_Do_ListTests.swift */; };
		665FB2EF22B0392B0005ECD2 /* To_Do_ListUITests.swift in Sources */ = {isa = PBXBuildFile; fileRef = 665FB2EE22B0392B0005ECD2 /* To_Do_ListUITests.swift */; };
		665FB2FD22B041AE0005ECD2 /* DetailViewController.swift in Sources */ = {isa = PBXBuildFile; fileRef = 665FB2FC22B041AD0005ECD2 /* DetailViewController.swift */; };
/* End PBXBuildFile section */

/* Begin PBXContainerItemProxy section */
		665FB2E022B0392A0005ECD2 /* PBXContainerItemProxy */ = {
			isa = PBXContainerItemProxy;
			containerPortal = 665FB2C322B039270005ECD2 /* Project object */;
			proxyType = 1;
			remoteGlobalIDString = 665FB2CA22B039270005ECD2;
			remoteInfo = "To Do List";
		};
		665FB2EB22B0392B0005ECD2 /* PBXContainerItemProxy */ = {
			isa = PBXContainerItemProxy;
			containerPortal = 665FB2C322B039270005ECD2 /* Project object */;
			proxyType = 1;
			remoteGlobalIDString = 665FB2CA22B039270005ECD2;
			remoteInfo = "To Do List";
		};
/* End PBXContainerItemProxy section */

/* Begin PBXFileReference section */
		665FB2CB22B039270005ECD2 /* To Do List.app */ = {isa = PBXFileReference; explicitFileType = wrapper.application; includeInIndex = 0; path = "To Do List.app"; sourceTree = BUILT_PRODUCTS_DIR; };
		665FB2CE22B039270005ECD2 /* AppDelegate.swift */ = {isa = PBXFileReference; lastKnownFileType = sourcecode.swift; path = AppDelegate.swift; sourceTree = "<group>"; };
		665FB2D022B039270005ECD2 /* ViewController.swift */ = {isa = PBXFileReference; lastKnownFileType = sourcecode.swift; path = ViewController.swift; sourceTree = "<group>"; };
		665FB2D322B039270005ECD2 /* Base */ = {isa = PBXFileReference; lastKnownFileType = file.storyboard; name = Base; path = Base.lproj/Main.storyboard; sourceTree = "<group>"; };
		665FB2D522B0392A0005ECD2 /* Assets.xcassets */ = {isa = PBXFileReference; lastKnownFileType = folder.assetcatalog; path = Assets.xcassets; sourceTree = "<group>"; };
		665FB2D822B0392A0005ECD2 /* Base */ = {isa = PBXFileReference; lastKnownFileType = file.storyboard; name = Base; path = Base.lproj/LaunchScreen.storyboard; sourceTree = "<group>"; };
		665FB2DA22B0392A0005ECD2 /* Info.plist */ = {isa = PBXFileReference; lastKnownFileType = text.plist.xml; path = Info.plist; sourceTree = "<group>"; };
		665FB2DF22B0392A0005ECD2 /* To Do ListTests.xctest */ = {isa = PBXFileReference; explicitFileType = wrapper.cfbundle; includeInIndex = 0; path = "To Do ListTests.xctest"; sourceTree = BUILT_PRODUCTS_DIR; };
		665FB2E322B0392A0005ECD2 /* To_Do_ListTests.swift */ = {isa = PBXFileReference; lastKnownFileType = sourcecode.swift; path = To_Do_ListTests.swift; sourceTree = "<group>"; };
		665FB2E522B0392A0005ECD2 /* Info.plist */ = {isa = PBXFileReference; lastKnownFileType = text.plist.xml; path = Info.plist; sourceTree = "<group>"; };
		665FB2EA22B0392B0005ECD2 /* To Do ListUITests.xctest */ = {isa = PBXFileReference; explicitFileType = wrapper.cfbundle; includeInIndex = 0; path = "To Do ListUITests.xctest"; sourceTree = BUILT_PRODUCTS_DIR; };
		665FB2EE22B0392B0005ECD2 /* To_Do_ListUITests.swift */ = {isa = PBXFileReference; lastKnownFileType = sourcecode.swift; path = To_Do_ListUITests.swift; sourceTree = "<group>"; };
		665FB2F022B0392B0005ECD2 /* Info.plist */ = {isa = PBXFileReference; lastKnownFileType = text.plist.xml; path = Info.plist; sourceTree = "<group>"; };
		665FB2FC22B041AD0005ECD2 /* DetailViewController.swift */ = {isa = PBXFileReference; lastKnownFileType = sourcecode.swift; path = DetailViewController.swift; sourceTree = "<group>"; };
/* End PBXFileReference section */

/* Begin PBXFrameworksBuildPhase section */
		665FB2C822B039270005ECD2 /* Frameworks */ = {
			isa = PBXFrameworksBuildPhase;
			buildActionMask = 2147483647;
			files = (
			);
			runOnlyForDeploymentPostprocessing = 0;
		};
		665FB2DC22B0392A0005ECD2 /* Frameworks */ = {
			isa = PBXFrameworksBuildPhase;
			buildActionMask = 2147483647;
			files = (
			);
			runOnlyForDeploymentPostprocessing = 0;
		};
		665FB2E722B0392B0005ECD2 /* Frameworks */ = {
			isa = PBXFrameworksBuildPhase;
			buildActionMask = 2147483647;
			files = (
			);
			runOnlyForDeploymentPostprocessing = 0;
		};
/* End PBXFrameworksBuildPhase section */

/* Begin PBXGroup section */
		665FB2C222B039270005ECD2 = {
			isa = PBXGroup;
			children = (
				665FB2CD22B039270005ECD2 /* To Do List */,
				665FB2E222B0392A0005ECD2 /* To Do ListTests */,
				665FB2ED22B0392B0005ECD2 /* To Do ListUITests */,
				665FB2CC22B039270005ECD2 /* Products */,
			);
			sourceTree = "<group>";
		};
		665FB2CC22B039270005ECD2 /* Products */ = {
			isa = PBXGroup;
			children = (
				665FB2CB22B039270005ECD2 /* To Do List.app */,
				665FB2DF22B0392A0005ECD2 /* To Do ListTests.xctest */,
				665FB2EA22B0392B0005ECD2 /* To Do ListUITests.xctest */,
			);
			name = Products;
			sourceTree = "<group>";
		};
		665FB2CD22B039270005ECD2 /* To Do List */ = {
			isa = PBXGroup;
			children = (
				665FB2CE22B039270005ECD2 /* AppDelegate.swift */,
				665FB2D022B039270005ECD2 /* ViewController.swift */,
				665FB2FC22B041AD0005ECD2 /* DetailViewController.swift */,
				665FB2D222B039270005ECD2 /* Main.storyboard */,
				665FB2D522B0392A0005ECD2 /* Assets.xcassets */,
				665FB2D722B0392A0005ECD2 /* LaunchScreen.storyboard */,
				665FB2DA22B0392A0005ECD2 /* Info.plist */,
			);
			path = "To Do List";
			sourceTree = "<group>";
		};
		665FB2E222B0392A0005ECD2 /* To Do ListTests */ = {
			isa = PBXGroup;
			children = (
				665FB2E322B0392A0005ECD2 /* To_Do_ListTests.swift */,
				665FB2E522B0392A0005ECD2 /* Info.plist */,
			);
			path = "To Do ListTests";
			sourceTree = "<group>";
		};
		665FB2ED22B0392B0005ECD2 /* To Do ListUITests */ = {
			isa = PBXGroup;
			children = (
				665FB2EE22B0392B0005ECD2 /* To_Do_ListUITests.swift */,
				665FB2F022B0392B0005ECD2 /* Info.plist */,
			);
			path = "To Do ListUITests";
			sourceTree = "<group>";
		};
/* End PBXGroup section */

/* Begin PBXNativeTarget section */
		665FB2CA22B039270005ECD2 /* To Do List */ = {
			isa = PBXNativeTarget;
			buildConfigurationList = 665FB2F322B0392B0005ECD2 /* Build configuration list for PBXNativeTarget "To Do List" */;
			buildPhases = (
				665FB2C722B039270005ECD2 /* Sources */,
				665FB2C822B039270005ECD2 /* Frameworks */,
				665FB2C922B039270005ECD2 /* Resources */,
			);
			buildRules = (
			);
			dependencies = (
			);
			name = "To Do List";
			productName = "To Do List";
			productReference = 665FB2CB22B039270005ECD2 /* To Do List.app */;
			productType = "com.apple.product-type.application";
		};
		665FB2DE22B0392A0005ECD2 /* To Do ListTests */ = {
			isa = PBXNativeTarget;
			buildConfigurationList = 665FB2F622B0392B0005ECD2 /* Build configuration list for PBXNativeTarget "To Do ListTests" */;
			buildPhases = (
				665FB2DB22B0392A0005ECD2 /* Sources */,
				665FB2DC22B0392A0005ECD2 /* Frameworks */,
				665FB2DD22B0392A0005ECD2 /* Resources */,
			);
			buildRules = (
			);
			dependencies = (
				665FB2E122B0392A0005ECD2 /* PBXTargetDependency */,
			);
			name = "To Do ListTests";
			productName = "To Do ListTests";
			productReference = 665FB2DF22B0392A0005ECD2 /* To Do ListTests.xctest */;
			productType = "com.apple.product-type.bundle.unit-test";
		};
		665FB2E922B0392B0005ECD2 /* To Do ListUITests */ = {
			isa = PBXNativeTarget;
			buildConfigurationList = 665FB2F922B0392B0005ECD2 /* Build configuration list for PBXNativeTarget "To Do ListUITests" */;
			buildPhases = (
				665FB2E622B0392B0005ECD2 /* Sources */,
				665FB2E722B0392B0005ECD2 /* Frameworks */,
				665FB2E822B0392B0005ECD2 /* Resources */,
			);
			buildRules = (
			);
			dependencies = (
				665FB2EC22B0392B0005ECD2 /* PBXTargetDependency */,
			);
			name = "To Do ListUITests";
			productName = "To Do ListUITests";
			productReference = 665FB2EA22B0392B0005ECD2 /* To Do ListUITests.xctest */;
			productType = "com.apple.product-type.bundle.ui-testing";
		};
/* End PBXNativeTarget section */

/* Begin PBXProject section */
		665FB2C322B039270005ECD2 /* Project object */ = {
			isa = PBXProject;
			attributes = {
				LastSwiftUpdateCheck = 1020;
				LastUpgradeCheck = 1020;
				ORGANIZATIONNAME = "Laird Connor Stephen Marlin I, Exquire";
				TargetAttributes = {
					665FB2CA22B039270005ECD2 = {
						CreatedOnToolsVersion = 10.2.1;
					};
					665FB2DE22B0392A0005ECD2 = {
						CreatedOnToolsVersion = 10.2.1;
						TestTargetID = 665FB2CA22B039270005ECD2;
					};
					665FB2E922B0392B0005ECD2 = {
						CreatedOnToolsVersion = 10.2.1;
						TestTargetID = 665FB2CA22B039270005ECD2;
					};
				};
			};
			buildConfigurationList = 665FB2C622B039270005ECD2 /* Build configuration list for PBXProject "To Do List" */;
			compatibilityVersion = "Xcode 9.3";
			developmentRegion = en;
			hasScannedForEncodings = 0;
			knownRegions = (
				en,
				Base,
			);
			mainGroup = 665FB2C222B039270005ECD2;
			productRefGroup = 665FB2CC22B039270005ECD2 /* Products */;
			projectDirPath = "";
			projectRoot = "";
			targets = (
				665FB2CA22B039270005ECD2 /* To Do List */,
				665FB2DE22B0392A0005ECD2 /* To Do ListTests */,
				665FB2E922B0392B0005ECD2 /* To Do ListUITests */,
			);
		};
/* End PBXProject section */

/* Begin PBXResourcesBuildPhase section */
		665FB2C922B039270005ECD2 /* Resources */ = {
			isa = PBXResourcesBuildPhase;
			buildActionMask = 2147483647;
			files = (
				665FB2D922B0392A0005ECD2 /* LaunchScreen.storyboard in Resources */,
				665FB2D622B0392A0005ECD2 /* Assets.xcassets in Resources */,
				665FB2D422B039270005ECD2 /* Main.storyboard in Resources */,
			);
			runOnlyForDeploymentPostprocessing = 0;
		};
		665FB2DD22B0392A0005ECD2 /* Resources */ = {
			isa = PBXResourcesBuildPhase;
			buildActionMask = 2147483647;
			files = (
			);
			runOnlyForDeploymentPostprocessing = 0;
		};
		665FB2E822B0392B0005ECD2 /* Resources */ = {
			isa = PBXResourcesBuildPhase;
			buildActionMask = 2147483647;
			files = (
			);
			runOnlyForDeploymentPostprocessing = 0;
		};
/* End PBXResourcesBuildPhase section */

/* Begin PBXSourcesBuildPhase section */
		665FB2C722B039270005ECD2 /* Sources */ = {
			isa = PBXSourcesBuildPhase;
			buildActionMask = 2147483647;
			files = (
				665FB2FD22B041AE0005ECD2 /* DetailViewController.swift in Sources */,
				665FB2D122B039270005ECD2 /* ViewController.swift in Sources */,
				665FB2CF22B039270005ECD2 /* AppDelegate.swift in Sources */,
			);
			runOnlyForDeploymentPostprocessing = 0;
		};
		665FB2DB22B0392A0005ECD2 /* Sources */ = {
			isa = PBXSourcesBuildPhase;
			buildActionMask = 2147483647;
			files = (
				665FB2E422B0392A0005ECD2 /* To_Do_ListTests.swift in Sources */,
			);
			runOnlyForDeploymentPostprocessing = 0;
		};
		665FB2E622B0392B0005ECD2 /* Sources */ = {
			isa = PBXSourcesBuildPhase;
			buildActionMask = 2147483647;
			files = (
				665FB2EF22B0392B0005ECD2 /* To_Do_ListUITests.swift in Sources */,
			);
			runOnlyForDeploymentPostprocessing = 0;
		};
/* End PBXSourcesBuildPhase section */

/* Begin PBXTargetDependency section */
		665FB2E122B0392A0005ECD2 /* PBXTargetDependency */ = {
			isa = PBXTargetDependency;
			target = 665FB2CA22B039270005ECD2 /* To Do List */;
			targetProxy = 665FB2E022B0392A0005ECD2 /* PBXContainerItemProxy */;
		};
		665FB2EC22B0392B0005ECD2 /* PBXTargetDependency */ = {
			isa = PBXTargetDependency;
			target = 665FB2CA22B039270005ECD2 /* To Do List */;
			targetProxy = 665FB2EB22B0392B0005ECD2 /* PBXContainerItemProxy */;
		};
/* End PBXTargetDependency section */

/* Begin PBXVariantGroup section */
		665FB2D222B039270005ECD2 /* Main.storyboard */ = {
			isa = PBXVariantGroup;
			children = (
				665FB2D322B039270005ECD2 /* Base */,
			);
			name = Main.storyboard;
			sourceTree = "<group>";
		};
		665FB2D722B0392A0005ECD2 /* LaunchScreen.storyboard */ = {
			isa = PBXVariantGroup;
			children = (
				665FB2D822B0392A0005ECD2 /* Base */,
			);
			name = LaunchScreen.storyboard;
			sourceTree = "<group>";
		};
/* End PBXVariantGroup section */

/* Begin XCBuildConfiguration section */
		665FB2F122B0392B0005ECD2 /* Debug */ = {
			isa = XCBuildConfiguration;
			buildSettings = {
				ALWAYS_SEARCH_USER_PATHS = NO;
				CLANG_ANALYZER_NONNULL = YES;
				CLANG_ANALYZER_NUMBER_OBJECT_CONVERSION = YES_AGGRESSIVE;
				CLANG_CXX_LANGUAGE_STANDARD = "gnu++14";
				CLANG_CXX_LIBRARY = "libc++";
				CLANG_ENABLE_MODULES = YES;
				CLANG_ENABLE_OBJC_ARC = YES;
				CLANG_ENABLE_OBJC_WEAK = YES;
				CLANG_WARN_BLOCK_CAPTURE_AUTORELEASING = YES;
				CLANG_WARN_BOOL_CONVERSION = YES;
				CLANG_WARN_COMMA = YES;
				CLANG_WARN_CONSTANT_CONVERSION = YES;
				CLANG_WARN_DEPRECATED_OBJC_IMPLEMENTATIONS = YES;
				CLANG_WARN_DIRECT_OBJC_ISA_USAGE = YES_ERROR;
				CLANG_WARN_DOCUMENTATION_COMMENTS = YES;
				CLANG_WARN_EMPTY_BODY = YES;
				CLANG_WARN_ENUM_CONVERSION = YES;
				CLANG_WARN_INFINITE_RECURSION = YES;
				CLANG_WARN_INT_CONVERSION = YES;
				CLANG_WARN_NON_LITERAL_NULL_CONVERSION = YES;
				CLANG_WARN_OBJC_IMPLICIT_RETAIN_SELF = YES;
				CLANG_WARN_OBJC_LITERAL_CONVERSION = YES;
				CLANG_WARN_OBJC_ROOT_CLASS = YES_ERROR;
				CLANG_WARN_RANGE_LOOP_ANALYSIS = YES;
				CLANG_WARN_STRICT_PROTOTYPES = YES;
				CLANG_WARN_SUSPICIOUS_MOVE = YES;
				CLANG_WARN_UNGUARDED_AVAILABILITY = YES_AGGRESSIVE;
				CLANG_WARN_UNREACHABLE_CODE = YES;
				CLANG_WARN__DUPLICATE_METHOD_MATCH = YES;
				CODE_SIGN_IDENTITY = "iPhone Developer";
				COPY_PHASE_STRIP = NO;
				DEBUG_INFORMATION_FORMAT = dwarf;
				ENABLE_STRICT_OBJC_MSGSEND = YES;
				ENABLE_TESTABILITY = YES;
				GCC_C_LANGUAGE_STANDARD = gnu11;
				GCC_DYNAMIC_NO_PIC = NO;
				GCC_NO_COMMON_BLOCKS = YES;
				GCC_OPTIMIZATION_LEVEL = 0;
				GCC_PREPROCESSOR_DEFINITIONS = (
					"DEBUG=1",
					"$(inherited)",
				);
				GCC_WARN_64_TO_32_BIT_CONVERSION = YES;
				GCC_WARN_ABOUT_RETURN_TYPE = YES_ERROR;
				GCC_WARN_UNDECLARED_SELECTOR = YES;
				GCC_WARN_UNINITIALIZED_AUTOS = YES_AGGRESSIVE;
				GCC_WARN_UNUSED_FUNCTION = YES;
				GCC_WARN_UNUSED_VARIABLE = YES;
				IPHONEOS_DEPLOYMENT_TARGET = 12.2;
				MTL_ENABLE_DEBUG_INFO = INCLUDE_SOURCE;
				MTL_FAST_MATH = YES;
				ONLY_ACTIVE_ARCH = YES;
				SDKROOT = iphoneos;
				SWIFT_ACTIVE_COMPILATION_CONDITIONS = DEBUG;
				SWIFT_OPTIMIZATION_LEVEL = "-Onone";
			};
			name = Debug;
		};
		665FB2F222B0392B0005ECD2 /* Release */ = {
			isa = XCBuildConfiguration;
			buildSettings = {
				ALWAYS_SEARCH_USER_PATHS = NO;
				CLANG_ANALYZER_NONNULL = YES;
				CLANG_ANALYZER_NUMBER_OBJECT_CONVERSION = YES_AGGRESSIVE;
				CLANG_CXX_LANGUAGE_STANDARD = "gnu++14";
				CLANG_CXX_LIBRARY = "libc++";
				CLANG_ENABLE_MODULES = YES;
				CLANG_ENABLE_OBJC_ARC = YES;
				CLANG_ENABLE_OBJC_WEAK = YES;
				CLANG_WARN_BLOCK_CAPTURE_AUTORELEASING = YES;
				CLANG_WARN_BOOL_CONVERSION = YES;
				CLANG_WARN_COMMA = YES;
				CLANG_WARN_CONSTANT_CONVERSION = YES;
				CLANG_WARN_DEPRECATED_OBJC_IMPLEMENTATIONS = YES;
				CLANG_WARN_DIRECT_OBJC_ISA_USAGE = YES_ERROR;
				CLANG_WARN_DOCUMENTATION_COMMENTS = YES;
				CLANG_WARN_EMPTY_BODY = YES;
				CLANG_WARN_ENUM_CONVERSION = YES;
				CLANG_WARN_INFINITE_RECURSION = YES;
				CLANG_WARN_INT_CONVERSION = YES;
				CLANG_WARN_NON_LITERAL_NULL_CONVERSION = YES;
				CLANG_WARN_OBJC_IMPLICIT_RETAIN_SELF = YES;
				CLANG_WARN_OBJC_LITERAL_CONVERSION = YES;
				CLANG_WARN_OBJC_ROOT_CLASS = YES_ERROR;
				CLANG_WARN_RANGE_LOOP_ANALYSIS = YES;
				CLANG_WARN_STRICT_PROTOTYPES = YES;
				CLANG_WARN_SUSPICIOUS_MOVE = YES;
				CLANG_WARN_UNGUARDED_AVAILABILITY = YES_AGGRESSIVE;
				CLANG_WARN_UNREACHABLE_CODE = YES;
				CLANG_WARN__DUPLICATE_METHOD_MATCH = YES;
				CODE_SIGN_IDENTITY = "iPhone Developer";
				COPY_PHASE_STRIP = NO;
				DEBUG_INFORMATION_FORMAT = "dwarf-with-dsym";
				ENABLE_NS_ASSERTIONS = NO;
				ENABLE_STRICT_OBJC_MSGSEND = YES;
				GCC_C_LANGUAGE_STANDARD = gnu11;
				GCC_NO_COMMON_BLOCKS = YES;
				GCC_WARN_64_TO_32_BIT_CONVERSION = YES;
				GCC_WARN_ABOUT_RETURN_TYPE = YES_ERROR;
				GCC_WARN_UNDECLARED_SELECTOR = YES;
				GCC_WARN_UNINITIALIZED_AUTOS = YES_AGGRESSIVE;
				GCC_WARN_UNUSED_FUNCTION = YES;
				GCC_WARN_UNUSED_VARIABLE = YES;
				IPHONEOS_DEPLOYMENT_TARGET = 12.2;
				MTL_ENABLE_DEBUG_INFO = NO;
				MTL_FAST_MATH = YES;
				SDKROOT = iphoneos;
				SWIFT_COMPILATION_MODE = wholemodule;
				SWIFT_OPTIMIZATION_LEVEL = "-O";
				VALIDATE_PRODUCT = YES;
			};
			name = Release;
		};
		665FB2F422B0392B0005ECD2 /* Debug */ = {
			isa = XCBuildConfiguration;
			buildSettings = {
				ASSETCATALOG_COMPILER_APPICON_NAME = AppIcon;
				CODE_SIGN_STYLE = Automatic;
				DEVELOPMENT_TEAM = 29S53W9L6U;
				INFOPLIST_FILE = "To Do List/Info.plist";
				LD_RUNPATH_SEARCH_PATHS = (
					"$(inherited)",
					"@executable_path/Frameworks",
				);
				PRODUCT_BUNDLE_IDENTIFIER = "Marlin.To-Do-List";
				PRODUCT_NAME = "$(TARGET_NAME)";
				SWIFT_VERSION = 5.0;
				TARGETED_DEVICE_FAMILY = "1,2";
			};
			name = Debug;
		};
		665FB2F522B0392B0005ECD2 /* Release */ = {
			isa = XCBuildConfiguration;
			buildSettings = {
				ASSETCATALOG_COMPILER_APPICON_NAME = AppIcon;
				CODE_SIGN_STYLE = Automatic;
				DEVELOPMENT_TEAM = 29S53W9L6U;
				INFOPLIST_FILE = "To Do List/Info.plist";
				LD_RUNPATH_SEARCH_PATHS = (
					"$(inherited)",
					"@executable_path/Frameworks",
				);
				PRODUCT_BUNDLE_IDENTIFIER = "Marlin.To-Do-List";
				PRODUCT_NAME = "$(TARGET_NAME)";
				SWIFT_VERSION = 5.0;
				TARGETED_DEVICE_FAMILY = "1,2";
			};
			name = Release;
		};
		665FB2F722B0392B0005ECD2 /* Debug */ = {
			isa = XCBuildConfiguration;
			buildSettings = {
				ALWAYS_EMBED_SWIFT_STANDARD_LIBRARIES = YES;
				BUNDLE_LOADER = "$(TEST_HOST)";
				CODE_SIGN_STYLE = Automatic;
				DEVELOPMENT_TEAM = 29S53W9L6U;
				INFOPLIST_FILE = "To Do ListTests/Info.plist";
				LD_RUNPATH_SEARCH_PATHS = (
					"$(inherited)",
					"@executable_path/Frameworks",
					"@loader_path/Frameworks",
				);
				PRODUCT_BUNDLE_IDENTIFIER = "Marlin.To-Do-ListTests";
				PRODUCT_NAME = "$(TARGET_NAME)";
				SWIFT_VERSION = 5.0;
				TARGETED_DEVICE_FAMILY = "1,2";
				TEST_HOST = "$(BUILT_PRODUCTS_DIR)/To Do List.app/To Do List";
			};
			name = Debug;
		};
		665FB2F822B0392B0005ECD2 /* Release */ = {
			isa = XCBuildConfiguration;
			buildSettings = {
				ALWAYS_EMBED_SWIFT_STANDARD_LIBRARIES = YES;
				BUNDLE_LOADER = "$(TEST_HOST)";
				CODE_SIGN_STYLE = Automatic;
				DEVELOPMENT_TEAM = 29S53W9L6U;
				INFOPLIST_FILE = "To Do ListTests/Info.plist";
				LD_RUNPATH_SEARCH_PATHS = (
					"$(inherited)",
					"@executable_path/Frameworks",
					"@loader_path/Frameworks",
				);
				PRODUCT_BUNDLE_IDENTIFIER = "Marlin.To-Do-ListTests";
				PRODUCT_NAME = "$(TARGET_NAME)";
				SWIFT_VERSION = 5.0;
				TARGETED_DEVICE_FAMILY = "1,2";
				TEST_HOST = "$(BUILT_PRODUCTS_DIR)/To Do List.app/To Do List";
			};
			name = Release;
		};
		665FB2FA22B0392B0005ECD2 /* Debug */ = {
			isa = XCBuildConfiguration;
			buildSettings = {
				ALWAYS_EMBED_SWIFT_STANDARD_LIBRARIES = YES;
				CODE_SIGN_STYLE = Automatic;
				DEVELOPMENT_TEAM = 29S53W9L6U;
				INFOPLIST_FILE = "To Do ListUITests/Info.plist";
				LD_RUNPATH_SEARCH_PATHS = (
					"$(inherited)",
					"@executable_path/Frameworks",
					"@loader_path/Frameworks",
				);
				PRODUCT_BUNDLE_IDENTIFIER = "Marlin.To-Do-ListUITests";
				PRODUCT_NAME = "$(TARGET_NAME)";
				SWIFT_VERSION = 5.0;
				TARGETED_DEVICE_FAMILY = "1,2";
				TEST_TARGET_NAME = "To Do List";
			};
			name = Debug;
		};
		665FB2FB22B0392B0005ECD2 /* Release */ = {
			isa = XCBuildConfiguration;
			buildSettings = {
				ALWAYS_EMBED_SWIFT_STANDARD_LIBRARIES = YES;
				CODE_SIGN_STYLE = Automatic;
				DEVELOPMENT_TEAM = 29S53W9L6U;
				INFOPLIST_FILE = "To Do ListUITests/Info.plist";
				LD_RUNPATH_SEARCH_PATHS = (
					"$(inherited)",
					"@executable_path/Frameworks",
					"@loader_path/Frameworks",
				);
				PRODUCT_BUNDLE_IDENTIFIER = "Marlin.To-Do-ListUITests";
				PRODUCT_NAME = "$(TARGET_NAME)";
				SWIFT_VERSION = 5.0;
				TARGETED_DEVICE_FAMILY = "1,2";
				TEST_TARGET_NAME = "To Do List";
			};
			name = Release;
		};
/* End XCBuildConfiguration section */

/* Begin XCConfigurationList section */
		665FB2C622B039270005ECD2 /* Build configuration list for PBXProject "To Do List" */ = {
			isa = XCConfigurationList;
			buildConfigurations = (
				665FB2F122B0392B0005ECD2 /* Debug */,
				665FB2F222B0392B0005ECD2 /* Release */,
			);
			defaultConfigurationIsVisible = 0;
			defaultConfigurationName = Release;
		};
		665FB2F322B0392B0005ECD2 /* Build configuration list for PBXNativeTarget "To Do List" */ = {
			isa = XCConfigurationList;
			buildConfigurations = (
				665FB2F422B0392B0005ECD2 /* Debug */,
				665FB2F522B0392B0005ECD2 /* Release */,
			);
			defaultConfigurationIsVisible = 0;
			defaultConfigurationName = Release;
		};
		665FB2F622B0392B0005ECD2 /* Build configuration list for PBXNativeTarget "To Do ListTests" */ = {
			isa = XCConfigurationList;
			buildConfigurations = (
				665FB2F722B0392B0005ECD2 /* Debug */,
				665FB2F822B0392B0005ECD2 /* Release */,
			);
			defaultConfigurationIsVisible = 0;
			defaultConfigurationName = Release;
		};
		665FB2F922B0392B0005ECD2 /* Build configuration list for PBXNativeTarget "To Do ListUITests" */ = {
			isa = XCConfigurationList;
			buildConfigurations = (
				665FB2FA22B0392B0005ECD2 /* Debug */,
				665FB2FB22B0392B0005ECD2 /* Release */,
			);
			defaultConfigurationIsVisible = 0;
			defaultConfigurationName = Release;
		};
/* End XCConfigurationList section */
	};
	rootObject = 665FB2C322B039270005ECD2 /* Project object */;
}
